
Microsoft Visual Studio Solution File, Format Version 12.00
# Visual Studio Version 17
VisualStudioVersion = 17.14.36408.4 d17.14
MinimumVisualStudioVersion = 10.0.40219.1
Project("{FAE04EC0-301F-11D3-BF4B-00C04F79EFBC}") = "CoreMvcLab", "CoreMvcLab\CoreMvcLab.csproj", "{D1E9807F-2145-45CF-B35D-A71198F90603}"
EndProject
Global
	GlobalSection(SolutionConfigurationPlatforms) = preSolution
		Debug|Any CPU = Debug|Any CPU
		Release|Any CPU = Release|Any CPU
	EndGlobalSection
	GlobalSection(ProjectConfigurationPlatforms) = postSolution
		{D1E9807F-2145-45CF-B35D-A71198F90603}.Debug|Any CPU.ActiveCfg = Debug|Any CPU
		{D1E9807F-2145-45CF-B35D-A71198F90603}.Debug|Any CPU.Build.0 = Debug|Any CPU
		{D1E9807F-2145-45CF-B35D-A71198F90603}.Release|Any CPU.ActiveCfg = Release|Any CPU
		{D1E9807F-2145-45CF-B35D-A71198F90603}.Release|Any CPU.Build.0 = Release|Any CPU
	EndGlobalSection
	GlobalSection(SolutionProperties) = preSolution
		HideSolutionNode = FALSE
	EndGlobalSection
	GlobalSection(ExtensibilityGlobals) = postSolution
		SolutionGuid = {5283F0F6-0185-40F6-902D-B301F71B3658}
	EndGlobalSection
EndGlobal
